// !$*UTF8*$!
{
	archiveVersion = 1;
	classes = {
	};
	objectVersion = 46;
	objects = {

/* Begin PBXBuildFile section */
		1508C6641F2573F600A3FF08 /* CaptionManager.xcdatamodeld in Sources */ = {isa = PBXBuildFile; fileRef = 1508C6621F2573F600A3FF08 /* CaptionManager.xcdatamodeld */; };
		151DD40A1F4CD6C20080B295 /* GenerateCaptions.swift in Sources */ = {isa = PBXBuildFile; fileRef = 151DD4091F4CD6C20080B295 /* GenerateCaptions.swift */; };
		151DD40E1F4CE08B0080B295 /* reddit_joke_index.json in Resources */ = {isa = PBXBuildFile; fileRef = 151DD40D1F4CE08B0080B295 /* reddit_joke_index.json */; };
		151DD4101F4CE1710080B295 /* Info.plist in Resources */ = {isa = PBXBuildFile; fileRef = 151DD40F1F4CE1710080B295 /* Info.plist */; };
		1558C9571F0C53FD00C61233 /* AppDelegate.swift in Sources */ = {isa = PBXBuildFile; fileRef = 1558C9561F0C53FD00C61233 /* AppDelegate.swift */; };
		1558C9591F0C53FD00C61233 /* ViewController.swift in Sources */ = {isa = PBXBuildFile; fileRef = 1558C9581F0C53FD00C61233 /* ViewController.swift */; };
		1558C95C1F0C53FD00C61233 /* Main.storyboard in Resources */ = {isa = PBXBuildFile; fileRef = 1558C95A1F0C53FD00C61233 /* Main.storyboard */; };
		1558C95E1F0C53FD00C61233 /* Assets.xcassets in Resources */ = {isa = PBXBuildFile; fileRef = 1558C95D1F0C53FD00C61233 /* Assets.xcassets */; };
		1558C9611F0C53FD00C61233 /* LaunchScreen.storyboard in Resources */ = {isa = PBXBuildFile; fileRef = 1558C95F1F0C53FD00C61233 /* LaunchScreen.storyboard */; };
		1558C9691F0C5A6B00C61233 /* Constants.swift in Sources */ = {isa = PBXBuildFile; fileRef = 1558C9681F0C5A6B00C61233 /* Constants.swift */; };
		1558C96D1F0C5D3B00C61233 /* CurrentImage.swift in Sources */ = {isa = PBXBuildFile; fileRef = 1558C96C1F0C5D3B00C61233 /* CurrentImage.swift */; };
		1558C96F1F0C5E3B00C61233 /* Alamofire.framework in Frameworks */ = {isa = PBXBuildFile; fileRef = 1558C96E1F0C5E3B00C61233 /* Alamofire.framework */; };
		155BE42B1F2309E20085F8B4 /* EVGPUImage2.framework in Frameworks */ = {isa = PBXBuildFile; fileRef = 155BE42A1F2309E20085F8B4 /* EVGPUImage2.framework */; };
		155FEA821F4118660020D4B5 /* refined_quotes.json in Resources */ = {isa = PBXBuildFile; fileRef = 155FEA811F4118660020D4B5 /* refined_quotes.json */; };
		155FEA8C1F423C580020D4B5 /* reddit_jokes.json in Resources */ = {isa = PBXBuildFile; fileRef = 155FEA8B1F423C580020D4B5 /* reddit_jokes.json */; };
		155FEA8E1F4241750020D4B5 /* refined_quote_index.json in Resources */ = {isa = PBXBuildFile; fileRef = 155FEA8D1F4241750020D4B5 /* refined_quote_index.json */; };
		15AB6EDA1F14190A00B901D5 /* CurrentWord.swift in Sources */ = {isa = PBXBuildFile; fileRef = 15AB6ED91F14190A00B901D5 /* CurrentWord.swift */; };
		15BFE3811F0DCFDF00D7A129 /* shortjokes.csv in Resources */ = {isa = PBXBuildFile; fileRef = 15BFE3801F0DCFDF00D7A129 /* shortjokes.csv */; };
		15BFE3831F0DD07C00D7A129 /* csv.swift in Sources */ = {isa = PBXBuildFile; fileRef = 15BFE3821F0DD07C00D7A129 /* csv.swift */; };
		15BFE3851F0DD32A00D7A129 /* most_popular_quotes.json in Resources */ = {isa = PBXBuildFile; fileRef = 15BFE3841F0DD32A00D7A129 /* most_popular_quotes.json */; };
		15C348161F0ED416009E3B24 /* ParseJSON.swift in Sources */ = {isa = PBXBuildFile; fileRef = 15C348151F0ED416009E3B24 /* ParseJSON.swift */; };
		15D6E4C81F26924E000A3151 /* DataController.swift in Sources */ = {isa = PBXBuildFile; fileRef = 15D6E4C71F26924E000A3151 /* DataController.swift */; };
		15D6E4CA1F26CB00000A3151 /* str.swift in Sources */ = {isa = PBXBuildFile; fileRef = 15D6E4C91F26CB00000A3151 /* str.swift */; };
		15EC6E351F38015D00B2104F /* StringExtension.swift in Sources */ = {isa = PBXBuildFile; fileRef = 15EC6E341F38015D00B2104F /* StringExtension.swift */; };
		15EC6E3D1F390BD500B2104F /* ImageFix.swift in Sources */ = {isa = PBXBuildFile; fileRef = 15EC6E3C1F390BD500B2104F /* ImageFix.swift */; };
		15FF2D981F33D52C00B11FF6 /* best_rap_lines_tweets_tagged.csv in Resources */ = {isa = PBXBuildFile; fileRef = 15FF2D971F33D52C00B11FF6 /* best_rap_lines_tweets_tagged.csv */; };
		D229E3CCDA23DA7F1D57B14F /* Pods_Scrive.framework in Frameworks */ = {isa = PBXBuildFile; fileRef = 941599C274F7A35631A8DC4F /* Pods_Scrive.framework */; };
/* End PBXBuildFile section */

/* Begin PBXFileReference section */
		0678FD5146F6810B637DD300 /* Pods-GoogleVision.release.xcconfig */ = {isa = PBXFileReference; includeInIndex = 1; lastKnownFileType = text.xcconfig; name = "Pods-GoogleVision.release.xcconfig"; path = "Pods/Target Support Files/Pods-GoogleVision/Pods-GoogleVision.release.xcconfig"; sourceTree = "<group>"; };
		1508C6631F2573F600A3FF08 /* CaptionManager.xcdatamodel */ = {isa = PBXFileReference; lastKnownFileType = wrapper.xcdatamodel; path = CaptionManager.xcdatamodel; sourceTree = "<group>"; };
		151DD4091F4CD6C20080B295 /* GenerateCaptions.swift */ = {isa = PBXFileReference; fileEncoding = 4; lastKnownFileType = sourcecode.swift; name = GenerateCaptions.swift; path = Scrive/GenerateCaptions.swift; sourceTree = SOURCE_ROOT; };
		151DD40D1F4CE08B0080B295 /* reddit_joke_index.json */ = {isa = PBXFileReference; fileEncoding = 4; lastKnownFileType = text.json; path = reddit_joke_index.json; sourceTree = "<group>"; };
		151DD40F1F4CE1710080B295 /* Info.plist */ = {isa = PBXFileReference; fileEncoding = 4; lastKnownFileType = text.plist.xml; name = Info.plist; path = Scrive/Info.plist; sourceTree = SOURCE_ROOT; };
		1558C9531F0C53FD00C61233 /* Scrive.app */ = {isa = PBXFileReference; explicitFileType = wrapper.application; includeInIndex = 0; path = Scrive.app; sourceTree = BUILT_PRODUCTS_DIR; };
		1558C9561F0C53FD00C61233 /* AppDelegate.swift */ = {isa = PBXFileReference; lastKnownFileType = sourcecode.swift; name = AppDelegate.swift; path = Scrive/AppDelegate.swift; sourceTree = SOURCE_ROOT; };
		1558C9581F0C53FD00C61233 /* ViewController.swift */ = {isa = PBXFileReference; lastKnownFileType = sourcecode.swift; name = ViewController.swift; path = Scrive/ViewController.swift; sourceTree = SOURCE_ROOT; };
		1558C95B1F0C53FD00C61233 /* Base */ = {isa = PBXFileReference; lastKnownFileType = file.storyboard; name = Base; path = Base.lproj/Main.storyboard; sourceTree = "<group>"; };
		1558C95D1F0C53FD00C61233 /* Assets.xcassets */ = {isa = PBXFileReference; lastKnownFileType = folder.assetcatalog; name = Assets.xcassets; path = Scrive/Assets.xcassets; sourceTree = SOURCE_ROOT; };
		1558C9601F0C53FD00C61233 /* Base */ = {isa = PBXFileReference; lastKnownFileType = file.storyboard; name = Base; path = Base.lproj/LaunchScreen.storyboard; sourceTree = "<group>"; };
		1558C9681F0C5A6B00C61233 /* Constants.swift */ = {isa = PBXFileReference; fileEncoding = 4; lastKnownFileType = sourcecode.swift; name = Constants.swift; path = Scrive/Constants.swift; sourceTree = SOURCE_ROOT; };
		1558C96C1F0C5D3B00C61233 /* CurrentImage.swift */ = {isa = PBXFileReference; fileEncoding = 4; lastKnownFileType = sourcecode.swift; name = CurrentImage.swift; path = Scrive/CurrentImage.swift; sourceTree = SOURCE_ROOT; };
		1558C96E1F0C5E3B00C61233 /* Alamofire.framework */ = {isa = PBXFileReference; lastKnownFileType = wrapper.framework; name = Alamofire.framework; path = "../../../Library/Developer/Xcode/DerivedData/Scrive-haufrllpquxrhpasjgdfsaqdqhvx/Build/Products/Debug-iphonesimulator/Alamofire/Alamofire.framework"; sourceTree = "<group>"; };
		155BE42A1F2309E20085F8B4 /* EVGPUImage2.framework */ = {isa = PBXFileReference; lastKnownFileType = wrapper.framework; name = EVGPUImage2.framework; path = "../../../Library/Developer/Xcode/DerivedData/Scrive-haufrllpquxrhpasjgdfsaqdqhvx/Build/Products/Debug-iphonesimulator/EVGPUImage2/EVGPUImage2.framework"; sourceTree = "<group>"; };
		155FEA811F4118660020D4B5 /* refined_quotes.json */ = {isa = PBXFileReference; fileEncoding = 4; lastKnownFileType = text.json; name = refined_quotes.json; path = Scrive/refined_quotes.json; sourceTree = SOURCE_ROOT; };
		155FEA8B1F423C580020D4B5 /* reddit_jokes.json */ = {isa = PBXFileReference; fileEncoding = 4; lastKnownFileType = text.json; name = reddit_jokes.json; path = Scrive/reddit_jokes.json; sourceTree = SOURCE_ROOT; };
		155FEA8D1F4241750020D4B5 /* refined_quote_index.json */ = {isa = PBXFileReference; fileEncoding = 4; lastKnownFileType = text.json; name = refined_quote_index.json; path = Scrive/refined_quote_index.json; sourceTree = SOURCE_ROOT; };
		157EB2881F1C310600235B0F /* CoreGraphics.framework */ = {isa = PBXFileReference; lastKnownFileType = wrapper.framework; name = CoreGraphics.framework; path = System/Library/Frameworks/CoreGraphics.framework; sourceTree = SDKROOT; };
		15AB6ED91F14190A00B901D5 /* CurrentWord.swift */ = {isa = PBXFileReference; fileEncoding = 4; lastKnownFileType = sourcecode.swift; name = CurrentWord.swift; path = Scrive/CurrentWord.swift; sourceTree = SOURCE_ROOT; };
		15BFE3801F0DCFDF00D7A129 /* shortjokes.csv */ = {isa = PBXFileReference; fileEncoding = 4; lastKnownFileType = text; name = shortjokes.csv; path = Scrive/shortjokes.csv; sourceTree = SOURCE_ROOT; };
		15BFE3821F0DD07C00D7A129 /* csv.swift */ = {isa = PBXFileReference; fileEncoding = 4; lastKnownFileType = sourcecode.swift; name = csv.swift; path = Scrive/csv.swift; sourceTree = SOURCE_ROOT; };
		15BFE3841F0DD32A00D7A129 /* most_popular_quotes.json */ = {isa = PBXFileReference; fileEncoding = 4; lastKnownFileType = text.json; name = most_popular_quotes.json; path = Scrive/most_popular_quotes.json; sourceTree = SOURCE_ROOT; };
		15C348151F0ED416009E3B24 /* ParseJSON.swift */ = {isa = PBXFileReference; fileEncoding = 4; lastKnownFileType = sourcecode.swift; name = ParseJSON.swift; path = Scrive/ParseJSON.swift; sourceTree = SOURCE_ROOT; };
		15D6E4C71F26924E000A3151 /* DataController.swift */ = {isa = PBXFileReference; fileEncoding = 4; lastKnownFileType = sourcecode.swift; name = DataController.swift; path = Scrive/DataController.swift; sourceTree = SOURCE_ROOT; };
		15D6E4C91F26CB00000A3151 /* str.swift */ = {isa = PBXFileReference; fileEncoding = 4; lastKnownFileType = sourcecode.swift; name = str.swift; path = Scrive/str.swift; sourceTree = SOURCE_ROOT; };
		15EC6E341F38015D00B2104F /* StringExtension.swift */ = {isa = PBXFileReference; fileEncoding = 4; lastKnownFileType = sourcecode.swift; path = StringExtension.swift; sourceTree = SOURCE_ROOT; };
		15EC6E3C1F390BD500B2104F /* ImageFix.swift */ = {isa = PBXFileReference; fileEncoding = 4; lastKnownFileType = sourcecode.swift; path = ImageFix.swift; sourceTree = SOURCE_ROOT; };
		15FF2D971F33D52C00B11FF6 /* best_rap_lines_tweets_tagged.csv */ = {isa = PBXFileReference; fileEncoding = 4; lastKnownFileType = text; name = best_rap_lines_tweets_tagged.csv; path = Scrive/best_rap_lines_tweets_tagged.csv; sourceTree = SOURCE_ROOT; };
		941599C274F7A35631A8DC4F /* Pods_Scrive.framework */ = {isa = PBXFileReference; explicitFileType = wrapper.framework; includeInIndex = 0; name = Pods_Scrive.framework; path = "../Debug-iphonesimulator/Pods_Scrive.framework"; sourceTree = BUILT_PRODUCTS_DIR; };
		B25B724F6971AEEDCA90A084 /* Pods-Scrive.release.xcconfig */ = {isa = PBXFileReference; includeInIndex = 1; lastKnownFileType = text.xcconfig; name = "Pods-Scrive.release.xcconfig"; path = "Pods/Target Support Files/Pods-Scrive/Pods-Scrive.release.xcconfig"; sourceTree = "<group>"; };
		CB19659C79617555F2F2B6BE /* Pods-Scrive.debug.xcconfig */ = {isa = PBXFileReference; includeInIndex = 1; lastKnownFileType = text.xcconfig; name = "Pods-Scrive.debug.xcconfig"; path = "Pods/Target Support Files/Pods-Scrive/Pods-Scrive.debug.xcconfig"; sourceTree = "<group>"; };
		CB855A2623AAEEAFC0F293FA /* Pods-GoogleVision.debug.xcconfig */ = {isa = PBXFileReference; includeInIndex = 1; lastKnownFileType = text.xcconfig; name = "Pods-GoogleVision.debug.xcconfig"; path = "Pods/Target Support Files/Pods-GoogleVision/Pods-GoogleVision.debug.xcconfig"; sourceTree = "<group>"; };
/* End PBXFileReference section */

/* Begin PBXFrameworksBuildPhase section */
		1558C9501F0C53FD00C61233 /* Frameworks */ = {
			isa = PBXFrameworksBuildPhase;
			buildActionMask = 2147483647;
			files = (
				155BE42B1F2309E20085F8B4 /* EVGPUImage2.framework in Frameworks */,
				1558C96F1F0C5E3B00C61233 /* Alamofire.framework in Frameworks */,
				D229E3CCDA23DA7F1D57B14F /* Pods_Scrive.framework in Frameworks */,
			);
			runOnlyForDeploymentPostprocessing = 0;
		};
/* End PBXFrameworksBuildPhase section */

/* Begin PBXGroup section */
		1558C94A1F0C53FD00C61233 = {
			isa = PBXGroup;
			children = (
				1508C6621F2573F600A3FF08 /* CaptionManager.xcdatamodeld */,
				1558C9551F0C53FD00C61233 /* Scrive */,
				1558C9541F0C53FD00C61233 /* Products */,
				6E7CF406B7D0D9974E3168BE /* Frameworks */,
				29999F04370EF65B3504DD4C /* Pods */,
			);
			sourceTree = "<group>";
		};
		1558C9541F0C53FD00C61233 /* Products */ = {
			isa = PBXGroup;
			children = (
				1558C9531F0C53FD00C61233 /* Scrive.app */,
			);
			name = Products;
			sourceTree = "<group>";
		};
		1558C9551F0C53FD00C61233 /* Scrive */ = {
			isa = PBXGroup;
			children = (
				1558C9561F0C53FD00C61233 /* AppDelegate.swift */,
				156986781F1EC629004FE07A /* View */,
				1558C96B1F0C5C9900C61233 /* Model */,
				1558C96A1F0C5C8F00C61233 /* Controller */,
				1558C95A1F0C53FD00C61233 /* Main.storyboard */,
				151DD40F1F4CE1710080B295 /* Info.plist */,
				1558C95D1F0C53FD00C61233 /* Assets.xcassets */,
				1558C95F1F0C53FD00C61233 /* LaunchScreen.storyboard */,
			);
			name = Scrive;
			sourceTree = SOURCE_ROOT;
		};
		1558C96A1F0C5C8F00C61233 /* Controller */ = {
			isa = PBXGroup;
			children = (
				1558C9581F0C53FD00C61233 /* ViewController.swift */,
			);
			name = Controller;
			sourceTree = "<group>";
		};
		1558C96B1F0C5C9900C61233 /* Model */ = {
			isa = PBXGroup;
			children = (
				1592FC541F2165A200A51256 /* Constants */,
				15D6E4C61F26922F000A3151 /* Core Data */,
				15AB6EDB1F14191100B901D5 /* Web request classes */,
				15B720E71F0EE6BB0032D25D /* Data */,
				15C348151F0ED416009E3B24 /* ParseJSON.swift */,
				151DD4091F4CD6C20080B295 /* GenerateCaptions.swift */,
				155FEA8B1F423C580020D4B5 /* reddit_jokes.json */,
				155FEA811F4118660020D4B5 /* refined_quotes.json */,
				15BFE3821F0DD07C00D7A129 /* csv.swift */,
				15D6E4C91F26CB00000A3151 /* str.swift */,
			);
			name = Model;
			sourceTree = "<group>";
		};
		156986781F1EC629004FE07A /* View */ = {
			isa = PBXGroup;
			children = (
				15EC6E341F38015D00B2104F /* StringExtension.swift */,
				15EC6E3C1F390BD500B2104F /* ImageFix.swift */,
			);
			name = View;
			path = ..;
			sourceTree = "<group>";
		};
		1592FC541F2165A200A51256 /* Constants */ = {
			isa = PBXGroup;
			children = (
				1558C9681F0C5A6B00C61233 /* Constants.swift */,
			);
			name = Constants;
			sourceTree = "<group>";
		};
		15AB6EDB1F14191100B901D5 /* Web request classes */ = {
			isa = PBXGroup;
			children = (
				1558C96C1F0C5D3B00C61233 /* CurrentImage.swift */,
				15AB6ED91F14190A00B901D5 /* CurrentWord.swift */,
			);
			name = "Web request classes";
			sourceTree = "<group>";
		};
		15AB6EE01F14306600B901D5 /* Indexes */ = {
			isa = PBXGroup;
			children = (
				151DD40D1F4CE08B0080B295 /* reddit_joke_index.json */,
				155FEA8D1F4241750020D4B5 /* refined_quote_index.json */,
			);
			name = Indexes;
			sourceTree = SOURCE_ROOT;
		};
		15B720E71F0EE6BB0032D25D /* Data */ = {
			isa = PBXGroup;
			children = (
				15AB6EE01F14306600B901D5 /* Indexes */,
				15BFE3801F0DCFDF00D7A129 /* shortjokes.csv */,
				15BFE3841F0DD32A00D7A129 /* most_popular_quotes.json */,
				15FF2D971F33D52C00B11FF6 /* best_rap_lines_tweets_tagged.csv */,
			);
			name = Data;
			sourceTree = SOURCE_ROOT;
		};
		15D6E4C61F26922F000A3151 /* Core Data */ = {
			isa = PBXGroup;
			children = (
				15D6E4C71F26924E000A3151 /* DataController.swift */,
			);
			name = "Core Data";
			sourceTree = "<group>";
		};
		29999F04370EF65B3504DD4C /* Pods */ = {
			isa = PBXGroup;
			children = (
				CB855A2623AAEEAFC0F293FA /* Pods-GoogleVision.debug.xcconfig */,
				0678FD5146F6810B637DD300 /* Pods-GoogleVision.release.xcconfig */,
				CB19659C79617555F2F2B6BE /* Pods-Scrive.debug.xcconfig */,
				B25B724F6971AEEDCA90A084 /* Pods-Scrive.release.xcconfig */,
			);
			name = Pods;
			sourceTree = "<group>";
		};
		6E7CF406B7D0D9974E3168BE /* Frameworks */ = {
			isa = PBXGroup;
			children = (
				155BE42A1F2309E20085F8B4 /* EVGPUImage2.framework */,
				157EB2881F1C310600235B0F /* CoreGraphics.framework */,
				1558C96E1F0C5E3B00C61233 /* Alamofire.framework */,
				941599C274F7A35631A8DC4F /* Pods_Scrive.framework */,
			);
			name = Frameworks;
			sourceTree = "<group>";
		};
/* End PBXGroup section */

/* Begin PBXNativeTarget section */
		1558C9521F0C53FD00C61233 /* Scrive */ = {
			isa = PBXNativeTarget;
			buildConfigurationList = 1558C9651F0C53FD00C61233 /* Build configuration list for PBXNativeTarget "Scrive" */;
			buildPhases = (
				B663FD4B3DD040C5FF6EBB68 /* [CP] Check Pods Manifest.lock */,
				1558C94F1F0C53FD00C61233 /* Sources */,
				1558C9501F0C53FD00C61233 /* Frameworks */,
				1558C9511F0C53FD00C61233 /* Resources */,
				8E3D6EBB4159836EF866A19A /* [CP] Embed Pods Frameworks */,
				77F66EF67D43275C648901A7 /* [CP] Copy Pods Resources */,
			);
			buildRules = (
			);
			dependencies = (
			);
			name = Scrive;
			productName = GoogleVision;
			productReference = 1558C9531F0C53FD00C61233 /* Scrive.app */;
			productType = "com.apple.product-type.application";
		};
/* End PBXNativeTarget section */

/* Begin PBXProject section */
		1558C94B1F0C53FD00C61233 /* Project object */ = {
			isa = PBXProject;
			attributes = {
				LastSwiftUpdateCheck = 0830;
				LastUpgradeCheck = 0830;
				ORGANIZATIONNAME = "James Dorfman";
				TargetAttributes = {
					1558C9521F0C53FD00C61233 = {
						CreatedOnToolsVersion = 8.3.2;
						DevelopmentTeam = 729QD7S49T;
						LastSwiftMigration = 0830;
						ProvisioningStyle = Automatic;
					};
				};
			};
			buildConfigurationList = 1558C94E1F0C53FD00C61233 /* Build configuration list for PBXProject "Scrive" */;
			compatibilityVersion = "Xcode 3.2";
			developmentRegion = English;
			hasScannedForEncodings = 0;
			knownRegions = (
				en,
				Base,
			);
			mainGroup = 1558C94A1F0C53FD00C61233;
			productRefGroup = 1558C9541F0C53FD00C61233 /* Products */;
			projectDirPath = "";
			projectRoot = "";
			targets = (
				1558C9521F0C53FD00C61233 /* Scrive */,
			);
		};
/* End PBXProject section */

/* Begin PBXResourcesBuildPhase section */
		1558C9511F0C53FD00C61233 /* Resources */ = {
			isa = PBXResourcesBuildPhase;
			buildActionMask = 2147483647;
			files = (
				155FEA8E1F4241750020D4B5 /* refined_quote_index.json in Resources */,
				15FF2D981F33D52C00B11FF6 /* best_rap_lines_tweets_tagged.csv in Resources */,
				1558C9611F0C53FD00C61233 /* LaunchScreen.storyboard in Resources */,
				151DD40E1F4CE08B0080B295 /* reddit_joke_index.json in Resources */,
				1558C95E1F0C53FD00C61233 /* Assets.xcassets in Resources */,
				155FEA8C1F423C580020D4B5 /* reddit_jokes.json in Resources */,
				1558C95C1F0C53FD00C61233 /* Main.storyboard in Resources */,
				15BFE3811F0DCFDF00D7A129 /* shortjokes.csv in Resources */,
				151DD4101F4CE1710080B295 /* Info.plist in Resources */,
				155FEA821F4118660020D4B5 /* refined_quotes.json in Resources */,
				15BFE3851F0DD32A00D7A129 /* most_popular_quotes.json in Resources */,
			);
			runOnlyForDeploymentPostprocessing = 0;
		};
/* End PBXResourcesBuildPhase section */

/* Begin PBXShellScriptBuildPhase section */
		77F66EF67D43275C648901A7 /* [CP] Copy Pods Resources */ = {
			isa = PBXShellScriptBuildPhase;
			buildActionMask = 2147483647;
			files = (
			);
			inputPaths = (
			);
			name = "[CP] Copy Pods Resources";
			outputPaths = (
			);
			runOnlyForDeploymentPostprocessing = 0;
			shellPath = /bin/sh;
			shellScript = "\"${SRCROOT}/Pods/Target Support Files/Pods-Scrive/Pods-Scrive-resources.sh\"\n";
			showEnvVarsInLog = 0;
		};
		8E3D6EBB4159836EF866A19A /* [CP] Embed Pods Frameworks */ = {
			isa = PBXShellScriptBuildPhase;
			buildActionMask = 2147483647;
			files = (
			);
			inputPaths = (
			);
			name = "[CP] Embed Pods Frameworks";
			outputPaths = (
			);
			runOnlyForDeploymentPostprocessing = 0;
			shellPath = /bin/sh;
			shellScript = "\"${SRCROOT}/Pods/Target Support Files/Pods-Scrive/Pods-Scrive-frameworks.sh\"\n";
			showEnvVarsInLog = 0;
		};
		B663FD4B3DD040C5FF6EBB68 /* [CP] Check Pods Manifest.lock */ = {
			isa = PBXShellScriptBuildPhase;
			buildActionMask = 2147483647;
			files = (
			);
			inputPaths = (
			);
			name = "[CP] Check Pods Manifest.lock";
			outputPaths = (
			);
			runOnlyForDeploymentPostprocessing = 0;
			shellPath = /bin/sh;
			shellScript = "diff \"${PODS_PODFILE_DIR_PATH}/Podfile.lock\" \"${PODS_ROOT}/Manifest.lock\" > /dev/null\nif [ $? != 0 ] ; then\n    # print error to STDERR\n    echo \"error: The sandbox is not in sync with the Podfile.lock. Run 'pod install' or update your CocoaPods installation.\" >&2\n    exit 1\nfi\n";
			showEnvVarsInLog = 0;
		};
/* End PBXShellScriptBuildPhase section */

/* Begin PBXSourcesBuildPhase section */
		1558C94F1F0C53FD00C61233 /* Sources */ = {
			isa = PBXSourcesBuildPhase;
			buildActionMask = 2147483647;
			files = (
				1508C6641F2573F600A3FF08 /* CaptionManager.xcdatamodeld in Sources */,
				15D6E4CA1F26CB00000A3151 /* str.swift in Sources */,
				1558C9591F0C53FD00C61233 /* ViewController.swift in Sources */,
				151DD40A1F4CD6C20080B295 /* GenerateCaptions.swift in Sources */,
				1558C9571F0C53FD00C61233 /* AppDelegate.swift in Sources */,
				1558C9691F0C5A6B00C61233 /* Constants.swift in Sources */,
				15AB6EDA1F14190A00B901D5 /* CurrentWord.swift in Sources */,
				15EC6E3D1F390BD500B2104F /* ImageFix.swift in Sources */,
				1558C96D1F0C5D3B00C61233 /* CurrentImage.swift in Sources */,
				15BFE3831F0DD07C00D7A129 /* csv.swift in Sources */,
				15EC6E351F38015D00B2104F /* StringExtension.swift in Sources */,
				15C348161F0ED416009E3B24 /* ParseJSON.swift in Sources */,
				15D6E4C81F26924E000A3151 /* DataController.swift in Sources */,
			);
			runOnlyForDeploymentPostprocessing = 0;
		};
/* End PBXSourcesBuildPhase section */

/* Begin PBXVariantGroup section */
		1558C95A1F0C53FD00C61233 /* Main.storyboard */ = {
			isa = PBXVariantGroup;
			children = (
				1558C95B1F0C53FD00C61233 /* Base */,
			);
			name = Main.storyboard;
			path = Scrive;
			sourceTree = SOURCE_ROOT;
		};
		1558C95F1F0C53FD00C61233 /* LaunchScreen.storyboard */ = {
			isa = PBXVariantGroup;
			children = (
				1558C9601F0C53FD00C61233 /* Base */,
			);
			name = LaunchScreen.storyboard;
			path = Scrive;
			sourceTree = SOURCE_ROOT;
		};
/* End PBXVariantGroup section */

/* Begin XCBuildConfiguration section */
		1558C9631F0C53FD00C61233 /* Debug */ = {
			isa = XCBuildConfiguration;
			buildSettings = {
				ALWAYS_SEARCH_USER_PATHS = NO;
				CLANG_ANALYZER_NONNULL = YES;
				CLANG_ANALYZER_NUMBER_OBJECT_CONVERSION = YES_AGGRESSIVE;
				CLANG_CXX_LANGUAGE_STANDARD = "gnu++0x";
				CLANG_CXX_LIBRARY = "libc++";
				CLANG_ENABLE_MODULES = YES;
				CLANG_ENABLE_OBJC_ARC = YES;
				CLANG_WARN_BOOL_CONVERSION = YES;
				CLANG_WARN_CONSTANT_CONVERSION = YES;
				CLANG_WARN_DIRECT_OBJC_ISA_USAGE = YES_ERROR;
				CLANG_WARN_DOCUMENTATION_COMMENTS = YES;
				CLANG_WARN_EMPTY_BODY = YES;
				CLANG_WARN_ENUM_CONVERSION = YES;
				CLANG_WARN_INFINITE_RECURSION = NO;
				CLANG_WARN_INT_CONVERSION = YES;
				CLANG_WARN_OBJC_ROOT_CLASS = YES_ERROR;
				CLANG_WARN_SUSPICIOUS_MOVE = NO;
				CLANG_WARN_UNREACHABLE_CODE = YES;
				CLANG_WARN__DUPLICATE_METHOD_MATCH = YES;
				"CODE_SIGN_IDENTITY[sdk=iphoneos*]" = "iPhone Developer";
				COPY_PHASE_STRIP = NO;
				DEBUG_INFORMATION_FORMAT = dwarf;
				ENABLE_BITCODE = NO;
				ENABLE_STRICT_OBJC_MSGSEND = YES;
				ENABLE_TESTABILITY = YES;
				GCC_C_LANGUAGE_STANDARD = gnu99;
				GCC_DYNAMIC_NO_PIC = NO;
				GCC_NO_COMMON_BLOCKS = NO;
				GCC_OPTIMIZATION_LEVEL = 0;
				GCC_PREPROCESSOR_DEFINITIONS = (
					"DEBUG=1",
					"$(inherited)",
				);
				GCC_WARN_64_TO_32_BIT_CONVERSION = YES;
				GCC_WARN_ABOUT_RETURN_TYPE = YES_ERROR;
				GCC_WARN_UNDECLARED_SELECTOR = YES;
				GCC_WARN_UNINITIALIZED_AUTOS = YES_AGGRESSIVE;
				GCC_WARN_UNUSED_FUNCTION = YES;
				GCC_WARN_UNUSED_VARIABLE = YES;
				IPHONEOS_DEPLOYMENT_TARGET = 10.3;
				MTL_ENABLE_DEBUG_INFO = YES;
				ONLY_ACTIVE_ARCH = YES;
				SDKROOT = iphoneos;
				SWIFT_ACTIVE_COMPILATION_CONDITIONS = DEBUG;
				SWIFT_OPTIMIZATION_LEVEL = "-Onone";
				TARGETED_DEVICE_FAMILY = "1,2";
			};
			name = Debug;
		};
		1558C9641F0C53FD00C61233 /* Release */ = {
			isa = XCBuildConfiguration;
			buildSettings = {
				ALWAYS_SEARCH_USER_PATHS = NO;
				CLANG_ANALYZER_NONNULL = YES;
				CLANG_ANALYZER_NUMBER_OBJECT_CONVERSION = YES_AGGRESSIVE;
				CLANG_CXX_LANGUAGE_STANDARD = "gnu++0x";
				CLANG_CXX_LIBRARY = "libc++";
				CLANG_ENABLE_MODULES = YES;
				CLANG_ENABLE_OBJC_ARC = YES;
				CLANG_WARN_BOOL_CONVERSION = YES;
				CLANG_WARN_CONSTANT_CONVERSION = YES;
				CLANG_WARN_DIRECT_OBJC_ISA_USAGE = YES_ERROR;
				CLANG_WARN_DOCUMENTATION_COMMENTS = YES;
				CLANG_WARN_EMPTY_BODY = YES;
				CLANG_WARN_ENUM_CONVERSION = YES;
				CLANG_WARN_INFINITE_RECURSION = NO;
				CLANG_WARN_INT_CONVERSION = YES;
				CLANG_WARN_OBJC_ROOT_CLASS = YES_ERROR;
				CLANG_WARN_SUSPICIOUS_MOVE = NO;
				CLANG_WARN_UNREACHABLE_CODE = YES;
				CLANG_WARN__DUPLICATE_METHOD_MATCH = YES;
				"CODE_SIGN_IDENTITY[sdk=iphoneos*]" = "iPhone Developer";
				COPY_PHASE_STRIP = NO;
				DEBUG_INFORMATION_FORMAT = "dwarf-with-dsym";
				ENABLE_BITCODE = NO;
				ENABLE_NS_ASSERTIONS = NO;
				ENABLE_STRICT_OBJC_MSGSEND = YES;
				GCC_C_LANGUAGE_STANDARD = gnu99;
				GCC_NO_COMMON_BLOCKS = NO;
				GCC_WARN_64_TO_32_BIT_CONVERSION = YES;
				GCC_WARN_ABOUT_RETURN_TYPE = YES_ERROR;
				GCC_WARN_UNDECLARED_SELECTOR = YES;
				GCC_WARN_UNINITIALIZED_AUTOS = YES_AGGRESSIVE;
				GCC_WARN_UNUSED_FUNCTION = YES;
				GCC_WARN_UNUSED_VARIABLE = YES;
				IPHONEOS_DEPLOYMENT_TARGET = 10.3;
				MTL_ENABLE_DEBUG_INFO = NO;
				SDKROOT = iphoneos;
				SWIFT_OPTIMIZATION_LEVEL = "-Owholemodule";
				TARGETED_DEVICE_FAMILY = "1,2";
				VALIDATE_PRODUCT = YES;
			};
			name = Release;
		};
		1558C9661F0C53FD00C61233 /* Debug */ = {
			isa = XCBuildConfiguration;
			baseConfigurationReference = CB19659C79617555F2F2B6BE /* Pods-Scrive.debug.xcconfig */;
			buildSettings = {
				ASSETCATALOG_COMPILER_APPICON_NAME = AppIcon;
				CLANG_ENABLE_MODULES = YES;
				DEVELOPMENT_TEAM = 729QD7S49T;
				ENABLE_BITCODE = YES;
				FRAMEWORK_SEARCH_PATHS = (
					"$(inherited)",
					"$(PROJECT_DIR)",
				);
				INFOPLIST_FILE = "$(SRCROOT)/Scrive/Info.plist";
				IPHONEOS_DEPLOYMENT_TARGET = 10.3;
				LD_RUNPATH_SEARCH_PATHS = "$(inherited) @executable_path/Frameworks";
				LIBRARY_SEARCH_PATHS = "";
				PRODUCT_BUNDLE_IDENTIFIER = com.jamesdorfman.scrive;
				PRODUCT_NAME = Scrive;
				SWIFT_OPTIMIZATION_LEVEL = "-Onone";
				SWIFT_REFLECTION_METADATA_LEVEL = none;
				SWIFT_VERSION = 3.0;
				TARGETED_DEVICE_FAMILY = "1,2";
			};
			name = Debug;
		};
		1558C9671F0C53FD00C61233 /* Release */ = {
			isa = XCBuildConfiguration;
			baseConfigurationReference = B25B724F6971AEEDCA90A084 /* Pods-Scrive.release.xcconfig */;
			buildSettings = {
				ASSETCATALOG_COMPILER_APPICON_NAME = AppIcon;
				CLANG_ENABLE_MODULES = YES;
				DEVELOPMENT_TEAM = 729QD7S49T;
				ENABLE_BITCODE = YES;
				FRAMEWORK_SEARCH_PATHS = (
					"$(inherited)",
					"$(PROJECT_DIR)",
				);
				INFOPLIST_FILE = "$(SRCROOT)/Scrive/Info.plist";
				IPHONEOS_DEPLOYMENT_TARGET = 10.3;
				LD_RUNPATH_SEARCH_PATHS = "$(inherited) @executable_path/Frameworks";
				LIBRARY_SEARCH_PATHS = "";
				PRODUCT_BUNDLE_IDENTIFIER = com.jamesdorfman.scrive;
				PRODUCT_NAME = Scrive;
				SWIFT_REFLECTION_METADATA_LEVEL = none;
				SWIFT_VERSION = 3.0;
				TARGETED_DEVICE_FAMILY = "1,2";
			};
			name = Release;
		};
/* End XCBuildConfiguration section */

/* Begin XCConfigurationList section */
		1558C94E1F0C53FD00C61233 /* Build configuration list for PBXProject "Scrive" */ = {
			isa = XCConfigurationList;
			buildConfigurations = (
				1558C9631F0C53FD00C61233 /* Debug */,
				1558C9641F0C53FD00C61233 /* Release */,
			);
			defaultConfigurationIsVisible = 0;
			defaultConfigurationName = Release;
		};
		1558C9651F0C53FD00C61233 /* Build configuration list for PBXNativeTarget "Scrive" */ = {
			isa = XCConfigurationList;
			buildConfigurations = (
				1558C9661F0C53FD00C61233 /* Debug */,
				1558C9671F0C53FD00C61233 /* Release */,
			);
			defaultConfigurationIsVisible = 0;
			defaultConfigurationName = Release;
		};
/* End XCConfigurationList section */

/* Begin XCVersionGroup section */
		1508C6621F2573F600A3FF08 /* CaptionManager.xcdatamodeld */ = {
			isa = XCVersionGroup;
			children = (
				1508C6631F2573F600A3FF08 /* CaptionManager.xcdatamodel */,
			);
			currentVersion = 1508C6631F2573F600A3FF08 /* CaptionManager.xcdatamodel */;
			path = CaptionManager.xcdatamodeld;
			sourceTree = "<group>";
			versionGroupType = wrapper.xcdatamodel;
		};
/* End XCVersionGroup section */
	};
	rootObject = 1558C94B1F0C53FD00C61233 /* Project object */;
}
